{
  "version": "5",
  "specifiers": {
    "jsr:@hono/hono@^4.11.10": "4.11.10"
  },
  "jsr": {
    "@hono/hono@4.11.10": {
      "integrity": "a5a6dac87ab5a8bcf3f92aeaca22417128d584c2732860c20bbf6fdb3cafbcc5"
    }
  },
  "workspace": {
    "dependencies": [
      "jsr:@hono/hono@^4.11.10"
    ]
  }
}
